
Microsoft Visual Studio Solution File, Format Version 12.00
Project("{2150E333-8FDC-42A3-9474-1A3956D46DE8}") = "src", "src", "{48F51194-1361-4748-A5AC-177DFFAA43A1}"
EndProject
Project("{FAE04EC0-301F-11D3-BF4B-00C04F79EFBC}") = "API", "src\API\API.csproj", "{90305138-F688-4101-B6EF-5A19FC3C43C6}"
EndProject
Project("{FAE04EC0-301F-11D3-BF4B-00C04F79EFBC}") = "Application", "src\Application\Application.csproj", "{FC6DC6AD-315E-465B-85E2-E0DD8C0671AA}"
EndProject
Project("{FAE04EC0-301F-11D3-BF4B-00C04F79EFBC}") = "Infrastructure", "src\Infrastructure\Infrastructure.csproj", "{ABC1F4AF-B447-42F0-AD9B-993392219456}"
EndProject
Project("{FAE04EC0-301F-11D3-BF4B-00C04F79EFBC}") = "Domain", "src\Domain\Domain.csproj", "{23E659DF-819F-42BD-8669-37117E3BE422}"
EndProject
Project("{FAE04EC0-301F-11D3-BF4B-00C04F79EFBC}") = "Common", "src\Common\Common.csproj", "{D35C897F-2C87-458A-804B-33604A0A9925}"
EndProject
Project("{FAE04EC0-301F-11D3-BF4B-00C04F79EFBC}") = "Model", "src\Model\Model.csproj", "{7B5C48A1-28F5-4EFF-9ACC-C35FBE0BE9DE}"
EndProject
Global
	GlobalSection(SolutionConfigurationPlatforms) = preSolution
		Debug|Any CPU = Debug|Any CPU
		Release|Any CPU = Release|Any CPU
	EndGlobalSection
	GlobalSection(NestedProjects) = preSolution
		{90305138-F688-4101-B6EF-5A19FC3C43C6} = {48F51194-1361-4748-A5AC-177DFFAA43A1}
		{FC6DC6AD-315E-465B-85E2-E0DD8C0671AA} = {48F51194-1361-4748-A5AC-177DFFAA43A1}
		{ABC1F4AF-B447-42F0-AD9B-993392219456} = {48F51194-1361-4748-A5AC-177DFFAA43A1}
		{23E659DF-819F-42BD-8669-37117E3BE422} = {48F51194-1361-4748-A5AC-177DFFAA43A1}
		{D35C897F-2C87-458A-804B-33604A0A9925} = {48F51194-1361-4748-A5AC-177DFFAA43A1}
		{7B5C48A1-28F5-4EFF-9ACC-C35FBE0BE9DE} = {48F51194-1361-4748-A5AC-177DFFAA43A1}
	EndGlobalSection
	GlobalSection(ProjectConfigurationPlatforms) = postSolution
		{90305138-F688-4101-B6EF-5A19FC3C43C6}.Debug|Any CPU.ActiveCfg = Debug|Any CPU
		{90305138-F688-4101-B6EF-5A19FC3C43C6}.Debug|Any CPU.Build.0 = Debug|Any CPU
		{90305138-F688-4101-B6EF-5A19FC3C43C6}.Release|Any CPU.ActiveCfg = Release|Any CPU
		{90305138-F688-4101-B6EF-5A19FC3C43C6}.Release|Any CPU.Build.0 = Release|Any CPU
		{FC6DC6AD-315E-465B-85E2-E0DD8C0671AA}.Debug|Any CPU.ActiveCfg = Debug|Any CPU
		{FC6DC6AD-315E-465B-85E2-E0DD8C0671AA}.Debug|Any CPU.Build.0 = Debug|Any CPU
		{FC6DC6AD-315E-465B-85E2-E0DD8C0671AA}.Release|Any CPU.ActiveCfg = Release|Any CPU
		{FC6DC6AD-315E-465B-85E2-E0DD8C0671AA}.Release|Any CPU.Build.0 = Release|Any CPU
		{ABC1F4AF-B447-42F0-AD9B-993392219456}.Debug|Any CPU.ActiveCfg = Debug|Any CPU
		{ABC1F4AF-B447-42F0-AD9B-993392219456}.Debug|Any CPU.Build.0 = Debug|Any CPU
		{ABC1F4AF-B447-42F0-AD9B-993392219456}.Release|Any CPU.ActiveCfg = Release|Any CPU
		{ABC1F4AF-B447-42F0-AD9B-993392219456}.Release|Any CPU.Build.0 = Release|Any CPU
		{23E659DF-819F-42BD-8669-37117E3BE422}.Debug|Any CPU.ActiveCfg = Debug|Any CPU
		{23E659DF-819F-42BD-8669-37117E3BE422}.Debug|Any CPU.Build.0 = Debug|Any CPU
		{23E659DF-819F-42BD-8669-37117E3BE422}.Release|Any CPU.ActiveCfg = Release|Any CPU
		{23E659DF-819F-42BD-8669-37117E3BE422}.Release|Any CPU.Build.0 = Release|Any CPU
		{D35C897F-2C87-458A-804B-33604A0A9925}.Debug|Any CPU.ActiveCfg = Debug|Any CPU
		{D35C897F-2C87-458A-804B-33604A0A9925}.Debug|Any CPU.Build.0 = Debug|Any CPU
		{D35C897F-2C87-458A-804B-33604A0A9925}.Release|Any CPU.ActiveCfg = Release|Any CPU
		{D35C897F-2C87-458A-804B-33604A0A9925}.Release|Any CPU.Build.0 = Release|Any CPU
		{7B5C48A1-28F5-4EFF-9ACC-C35FBE0BE9DE}.Debug|Any CPU.ActiveCfg = Debug|Any CPU
		{7B5C48A1-28F5-4EFF-9ACC-C35FBE0BE9DE}.Debug|Any CPU.Build.0 = Debug|Any CPU
		{7B5C48A1-28F5-4EFF-9ACC-C35FBE0BE9DE}.Release|Any CPU.ActiveCfg = Release|Any CPU
		{7B5C48A1-28F5-4EFF-9ACC-C35FBE0BE9DE}.Release|Any CPU.Build.0 = Release|Any CPU
	EndGlobalSection
EndGlobal
